
Microsoft Visual Studio Solution File, Format Version 12.00
# Visual Studio 15
Project("{FAE04EC0-301F-11D3-BF4B-00C04F79EFBC}") = "OrderMeal.Android", "OrderMeal.Android\OrderMeal.Android.csproj", "{8472639F-1C48-4FF5-9ED9-9CA7429912E7}"
EndProject
Project("{FAE04EC0-301F-11D3-BF4B-00C04F79EFBC}") = "OrderMeal.iOS", "OrderMeal.iOS\OrderMeal.iOS.csproj", "{22BD34F7-6343-401F-B295-955336A1289E}"
EndProject
Project("{FAE04EC0-301F-11D3-BF4B-00C04F79EFBC}") = "OrderMeal.UITests", "OrderMeal.UITests\OrderMeal.UITests.csproj", "{B19C892E-2628-4CA7-AD27-08D406A3B14B}"
EndProject
Project("{FAE04EC0-301F-11D3-BF4B-00C04F79EFBC}") = "OrderMeal", "OrderMeal\OrderMeal.csproj", "{8B903878-22C5-47F0-9729-0615D9385C0E}"
EndProject
Global
	GlobalSection(SolutionConfigurationPlatforms) = preSolution
		Debug|Any CPU = Debug|Any CPU
		Release|Any CPU = Release|Any CPU
		Debug|iPhoneSimulator = Debug|iPhoneSimulator
		Release|iPhoneSimulator = Release|iPhoneSimulator
		Debug|iPhone = Debug|iPhone
		Release|iPhone = Release|iPhone
		Ad-Hoc|iPhone = Ad-Hoc|iPhone
		AppStore|iPhone = AppStore|iPhone
	EndGlobalSection
	GlobalSection(ProjectConfigurationPlatforms) = postSolution
		{8472639F-1C48-4FF5-9ED9-9CA7429912E7}.Debug|Any CPU.ActiveCfg = Debug|Any CPU
		{8472639F-1C48-4FF5-9ED9-9CA7429912E7}.Debug|Any CPU.Build.0 = Debug|Any CPU
		{8472639F-1C48-4FF5-9ED9-9CA7429912E7}.Release|Any CPU.ActiveCfg = Release|Any CPU
		{8472639F-1C48-4FF5-9ED9-9CA7429912E7}.Release|Any CPU.Build.0 = Release|Any CPU
		{8472639F-1C48-4FF5-9ED9-9CA7429912E7}.Debug|iPhoneSimulator.ActiveCfg = Debug|Any CPU
		{8472639F-1C48-4FF5-9ED9-9CA7429912E7}.Debug|iPhoneSimulator.Build.0 = Debug|Any CPU
		{8472639F-1C48-4FF5-9ED9-9CA7429912E7}.Release|iPhoneSimulator.ActiveCfg = Release|Any CPU
		{8472639F-1C48-4FF5-9ED9-9CA7429912E7}.Release|iPhoneSimulator.Build.0 = Release|Any CPU
		{8472639F-1C48-4FF5-9ED9-9CA7429912E7}.Debug|iPhone.ActiveCfg = Debug|Any CPU
		{8472639F-1C48-4FF5-9ED9-9CA7429912E7}.Debug|iPhone.Build.0 = Debug|Any CPU
		{8472639F-1C48-4FF5-9ED9-9CA7429912E7}.Release|iPhone.ActiveCfg = Release|Any CPU
		{8472639F-1C48-4FF5-9ED9-9CA7429912E7}.Release|iPhone.Build.0 = Release|Any CPU
		{8472639F-1C48-4FF5-9ED9-9CA7429912E7}.Ad-Hoc|iPhone.ActiveCfg = Debug|Any CPU
		{8472639F-1C48-4FF5-9ED9-9CA7429912E7}.Ad-Hoc|iPhone.Build.0 = Debug|Any CPU
		{8472639F-1C48-4FF5-9ED9-9CA7429912E7}.AppStore|iPhone.ActiveCfg = Debug|Any CPU
		{8472639F-1C48-4FF5-9ED9-9CA7429912E7}.AppStore|iPhone.Build.0 = Debug|Any CPU
		{22BD34F7-6343-401F-B295-955336A1289E}.Debug|Any CPU.ActiveCfg = Debug|iPhoneSimulator
		{22BD34F7-6343-401F-B295-955336A1289E}.Debug|Any CPU.Build.0 = Debug|iPhoneSimulator
		{22BD34F7-6343-401F-B295-955336A1289E}.Release|Any CPU.ActiveCfg = Release|iPhoneSimulator
		{22BD34F7-6343-401F-B295-955336A1289E}.Release|Any CPU.Build.0 = Release|iPhoneSimulator
		{22BD34F7-6343-401F-B295-955336A1289E}.Debug|iPhoneSimulator.ActiveCfg = Debug|iPhoneSimulator
		{22BD34F7-6343-401F-B295-955336A1289E}.Debug|iPhoneSimulator.Build.0 = Debug|iPhoneSimulator
		{22BD34F7-6343-401F-B295-955336A1289E}.Release|iPhoneSimulator.ActiveCfg = Release|iPhoneSimulator
		{22BD34F7-6343-401F-B295-955336A1289E}.Release|iPhoneSimulator.Build.0 = Release|iPhoneSimulator
		{22BD34F7-6343-401F-B295-955336A1289E}.Debug|iPhone.ActiveCfg = Debug|iPhone
		{22BD34F7-6343-401F-B295-955336A1289E}.Debug|iPhone.Build.0 = Debug|iPhone
		{22BD34F7-6343-401F-B295-955336A1289E}.Release|iPhone.ActiveCfg = Release|iPhone
		{22BD34F7-6343-401F-B295-955336A1289E}.Release|iPhone.Build.0 = Release|iPhone
		{22BD34F7-6343-401F-B295-955336A1289E}.Ad-Hoc|iPhone.ActiveCfg = Ad-Hoc|iPhone
		{22BD34F7-6343-401F-B295-955336A1289E}.Ad-Hoc|iPhone.Build.0 = Ad-Hoc|iPhone
		{22BD34F7-6343-401F-B295-955336A1289E}.AppStore|iPhone.ActiveCfg = AppStore|iPhone
		{22BD34F7-6343-401F-B295-955336A1289E}.AppStore|iPhone.Build.0 = AppStore|iPhone
		{B19C892E-2628-4CA7-AD27-08D406A3B14B}.Debug|Any CPU.ActiveCfg = Debug|Any CPU
		{B19C892E-2628-4CA7-AD27-08D406A3B14B}.Debug|Any CPU.Build.0 = Debug|Any CPU
		{B19C892E-2628-4CA7-AD27-08D406A3B14B}.Release|Any CPU.ActiveCfg = Release|Any CPU
		{B19C892E-2628-4CA7-AD27-08D406A3B14B}.Release|Any CPU.Build.0 = Release|Any CPU
		{B19C892E-2628-4CA7-AD27-08D406A3B14B}.Debug|iPhoneSimulator.ActiveCfg = Debug|Any CPU
		{B19C892E-2628-4CA7-AD27-08D406A3B14B}.Debug|iPhoneSimulator.Build.0 = Debug|Any CPU
		{B19C892E-2628-4CA7-AD27-08D406A3B14B}.Release|iPhoneSimulator.ActiveCfg = Release|Any CPU
		{B19C892E-2628-4CA7-AD27-08D406A3B14B}.Release|iPhoneSimulator.Build.0 = Release|Any CPU
		{B19C892E-2628-4CA7-AD27-08D406A3B14B}.Debug|iPhone.ActiveCfg = Debug|Any CPU
		{B19C892E-2628-4CA7-AD27-08D406A3B14B}.Debug|iPhone.Build.0 = Debug|Any CPU
		{B19C892E-2628-4CA7-AD27-08D406A3B14B}.Release|iPhone.ActiveCfg = Release|Any CPU
		{B19C892E-2628-4CA7-AD27-08D406A3B14B}.Release|iPhone.Build.0 = Release|Any CPU
		{B19C892E-2628-4CA7-AD27-08D406A3B14B}.Ad-Hoc|iPhone.ActiveCfg = Debug|Any CPU
		{B19C892E-2628-4CA7-AD27-08D406A3B14B}.Ad-Hoc|iPhone.Build.0 = Debug|Any CPU
		{B19C892E-2628-4CA7-AD27-08D406A3B14B}.AppStore|iPhone.ActiveCfg = Debug|Any CPU
		{B19C892E-2628-4CA7-AD27-08D406A3B14B}.AppStore|iPhone.Build.0 = Debug|Any CPU
		{8B903878-22C5-47F0-9729-0615D9385C0E}.Debug|Any CPU.ActiveCfg = Debug|Any CPU
		{8B903878-22C5-47F0-9729-0615D9385C0E}.Debug|Any CPU.Build.0 = Debug|Any CPU
		{8B903878-22C5-47F0-9729-0615D9385C0E}.Release|Any CPU.ActiveCfg = Release|Any CPU
		{8B903878-22C5-47F0-9729-0615D9385C0E}.Release|Any CPU.Build.0 = Release|Any CPU
		{8B903878-22C5-47F0-9729-0615D9385C0E}.Debug|iPhoneSimulator.ActiveCfg = Debug|Any CPU
		{8B903878-22C5-47F0-9729-0615D9385C0E}.Debug|iPhoneSimulator.Build.0 = Debug|Any CPU
		{8B903878-22C5-47F0-9729-0615D9385C0E}.Release|iPhoneSimulator.ActiveCfg = Release|Any CPU
		{8B903878-22C5-47F0-9729-0615D9385C0E}.Release|iPhoneSimulator.Build.0 = Release|Any CPU
		{8B903878-22C5-47F0-9729-0615D9385C0E}.Debug|iPhone.ActiveCfg = Debug|Any CPU
		{8B903878-22C5-47F0-9729-0615D9385C0E}.Debug|iPhone.Build.0 = Debug|Any CPU
		{8B903878-22C5-47F0-9729-0615D9385C0E}.Release|iPhone.ActiveCfg = Release|Any CPU
		{8B903878-22C5-47F0-9729-0615D9385C0E}.Release|iPhone.Build.0 = Release|Any CPU
		{8B903878-22C5-47F0-9729-0615D9385C0E}.Ad-Hoc|iPhone.ActiveCfg = Debug|Any CPU
		{8B903878-22C5-47F0-9729-0615D9385C0E}.Ad-Hoc|iPhone.Build.0 = Debug|Any CPU
		{8B903878-22C5-47F0-9729-0615D9385C0E}.AppStore|iPhone.ActiveCfg = Debug|Any CPU
		{8B903878-22C5-47F0-9729-0615D9385C0E}.AppStore|iPhone.Build.0 = Debug|Any CPU
	EndGlobalSection
EndGlobal
